
Microsoft Visual Studio Solution File, Format Version 12.00
# Visual Studio Version 17
VisualStudioVersion = 17.3.32929.385
MinimumVisualStudioVersion = 10.0.40219.1
Project("{FAE04EC0-301F-11D3-BF4B-00C04F79EFBC}") = "BMIDatabase", "BMIDatabase.csproj", "{3F299311-528C-4671-96E9-E9632054E209}"
EndProject
Global
	GlobalSection(SolutionConfigurationPlatforms) = preSolution
		Debug|Any CPU = Debug|Any CPU
		Release|Any CPU = Release|Any CPU
	EndGlobalSection
	GlobalSection(ProjectConfigurationPlatforms) = postSolution
		{3F299311-528C-4671-96E9-E9632054E209}.Debug|Any CPU.ActiveCfg = Debug|Any CPU
		{3F299311-528C-4671-96E9-E9632054E209}.Debug|Any CPU.Build.0 = Debug|Any CPU
		{3F299311-528C-4671-96E9-E9632054E209}.Release|Any CPU.ActiveCfg = Release|Any CPU
		{3F299311-528C-4671-96E9-E9632054E209}.Release|Any CPU.Build.0 = Release|Any CPU
	EndGlobalSection
	GlobalSection(SolutionProperties) = preSolution
		HideSolutionNode = FALSE
	EndGlobalSection
	GlobalSection(ExtensibilityGlobals) = postSolution
		SolutionGuid = {A26CAA40-886C-4C23-A9D1-906BA3672940}
	EndGlobalSection
EndGlobal
